
Microsoft Visual Studio Solution File, Format Version 11.00
# Visual Studio 2010
Project("{FAE04EC0-301F-11D3-BF4B-00C04F79EFBC}") = "loggr-dotnet", "loggr-dotnet\loggr-dotnet.csproj", "{6C785059-8DC2-4760-8242-65C6EC078881}"
EndProject
Project("{FAE04EC0-301F-11D3-BF4B-00C04F79EFBC}") = "tests", "tests\tests.csproj", "{A4BFB60F-D42E-4951-B954-897848D6BFF3}"
EndProject
Project("{2150E333-8FDC-42A3-9474-1A3956D46DE8}") = "Solution Items", "Solution Items", "{F91C9646-EE13-4CA7-8BE6-FA9B5DBC39BA}"
	ProjectSection(SolutionItems) = preProject
		Local.testsettings = Local.testsettings
		loggr-dotnet.vsmdi = loggr-dotnet.vsmdi
		TraceAndTestImpact.testsettings = TraceAndTestImpact.testsettings
	EndProjectSection
EndProject
Project("{FAE04EC0-301F-11D3-BF4B-00C04F79EFBC}") = "driver", "driver\driver.csproj", "{029A6452-A1F8-4B43-A377-D58D76B0B901}"
EndProject
Global
	GlobalSection(TestCaseManagementSettings) = postSolution
		CategoryFile = loggr-dotnet.vsmdi
	EndGlobalSection
	GlobalSection(SolutionConfigurationPlatforms) = preSolution
		Debug|Any CPU = Debug|Any CPU
		Debug|Mixed Platforms = Debug|Mixed Platforms
		Debug|x86 = Debug|x86
		Release|Any CPU = Release|Any CPU
		Release|Mixed Platforms = Release|Mixed Platforms
		Release|x86 = Release|x86
	EndGlobalSection
	GlobalSection(ProjectConfigurationPlatforms) = postSolution
		{6C785059-8DC2-4760-8242-65C6EC078881}.Debug|Any CPU.ActiveCfg = Debug|Any CPU
		{6C785059-8DC2-4760-8242-65C6EC078881}.Debug|Any CPU.Build.0 = Debug|Any CPU
		{6C785059-8DC2-4760-8242-65C6EC078881}.Debug|Mixed Platforms.ActiveCfg = Debug|Any CPU
		{6C785059-8DC2-4760-8242-65C6EC078881}.Debug|Mixed Platforms.Build.0 = Debug|Any CPU
		{6C785059-8DC2-4760-8242-65C6EC078881}.Debug|x86.ActiveCfg = Debug|Any CPU
		{6C785059-8DC2-4760-8242-65C6EC078881}.Release|Any CPU.ActiveCfg = Release|Any CPU
		{6C785059-8DC2-4760-8242-65C6EC078881}.Release|Any CPU.Build.0 = Release|Any CPU
		{6C785059-8DC2-4760-8242-65C6EC078881}.Release|Mixed Platforms.ActiveCfg = Release|Any CPU
		{6C785059-8DC2-4760-8242-65C6EC078881}.Release|Mixed Platforms.Build.0 = Release|Any CPU
		{6C785059-8DC2-4760-8242-65C6EC078881}.Release|x86.ActiveCfg = Release|Any CPU
		{A4BFB60F-D42E-4951-B954-897848D6BFF3}.Debug|Any CPU.ActiveCfg = Debug|Any CPU
		{A4BFB60F-D42E-4951-B954-897848D6BFF3}.Debug|Any CPU.Build.0 = Debug|Any CPU
		{A4BFB60F-D42E-4951-B954-897848D6BFF3}.Debug|Mixed Platforms.ActiveCfg = Debug|Any CPU
		{A4BFB60F-D42E-4951-B954-897848D6BFF3}.Debug|Mixed Platforms.Build.0 = Debug|Any CPU
		{A4BFB60F-D42E-4951-B954-897848D6BFF3}.Debug|x86.ActiveCfg = Debug|Any CPU
		{A4BFB60F-D42E-4951-B954-897848D6BFF3}.Release|Any CPU.ActiveCfg = Release|Any CPU
		{A4BFB60F-D42E-4951-B954-897848D6BFF3}.Release|Any CPU.Build.0 = Release|Any CPU
		{A4BFB60F-D42E-4951-B954-897848D6BFF3}.Release|Mixed Platforms.ActiveCfg = Release|Any CPU
		{A4BFB60F-D42E-4951-B954-897848D6BFF3}.Release|Mixed Platforms.Build.0 = Release|Any CPU
		{A4BFB60F-D42E-4951-B954-897848D6BFF3}.Release|x86.ActiveCfg = Release|Any CPU
		{029A6452-A1F8-4B43-A377-D58D76B0B901}.Debug|Any CPU.ActiveCfg = Debug|x86
		{029A6452-A1F8-4B43-A377-D58D76B0B901}.Debug|Mixed Platforms.ActiveCfg = Debug|x86
		{029A6452-A1F8-4B43-A377-D58D76B0B901}.Debug|Mixed Platforms.Build.0 = Debug|x86
		{029A6452-A1F8-4B43-A377-D58D76B0B901}.Debug|x86.ActiveCfg = Debug|x86
		{029A6452-A1F8-4B43-A377-D58D76B0B901}.Debug|x86.Build.0 = Debug|x86
		{029A6452-A1F8-4B43-A377-D58D76B0B901}.Release|Any CPU.ActiveCfg = Release|x86
		{029A6452-A1F8-4B43-A377-D58D76B0B901}.Release|Mixed Platforms.ActiveCfg = Release|x86
		{029A6452-A1F8-4B43-A377-D58D76B0B901}.Release|Mixed Platforms.Build.0 = Release|x86
		{029A6452-A1F8-4B43-A377-D58D76B0B901}.Release|x86.ActiveCfg = Release|x86
		{029A6452-A1F8-4B43-A377-D58D76B0B901}.Release|x86.Build.0 = Release|x86
	EndGlobalSection
	GlobalSection(SolutionProperties) = preSolution
		HideSolutionNode = FALSE
	EndGlobalSection
EndGlobal
